# This file is automatically @generated by Cargo.
# It is not intended for manual editing.
version = 4

[[package]]
name = "addr2line"
version = "0.25.1"
source = "registry+https://github.com/rust-lang/crates.io-index"
checksum = "1b5d307320b3181d6d7954e663bd7c774a838b8220fe0593c86d9fb09f498b4b"
dependencies = [
 "gimli",
]

[[package]]
name = "adler2"
version = "2.0.1"
source = "registry+https://github.com/rust-lang/crates.io-index"
checksum = "320119579fcad9c21884f5c4861d16174d0e06250625266f50fe6898340abefa"

[[package]]
name = "app"
version = "0.1.0"
dependencies = [
 "bytes",
 "lib",
 "tokio",
]

[[package]]
name = "backtrace"
version = "0.3.76"
source = "registry+https://github.com/rust-lang/crates.io-index"
checksum = "bb531853791a215d7c62a30daf0dde835f381ab5de4589cfe7c649d2cbe92bd6"
dependencies = [
 "addr2line",
 "cfg-if",
 "libc",
 "miniz_oxide",
 "object",
 "rustc-demangle",
 "windows-link",
]

[[package]]
name = "bitflags"
version = "2.11.0"
source = "registry+https://github.com/rust-lang/crates.io-index"
checksum = "843867be96c8daad0d758b57df9392b6d8d271134fce549de6ce169ff98a92af"

[[package]]
name = "bytes"
version = "1.0.1"
source = "registry+https://github.com/rust-lang/crates.io-index"
checksum = "b700ce4376041dcd0a327fd0097c41095743c4c8af8887265942faf1100bd040"

[[package]]
name = "cfg-if"
version = "1.0.4"
source = "registry+https://github.com/rust-lang/crates.io-index"
checksum = "9330f8b2ff13f34540b44e946ef35111825727b38d33286ef986142615121801"

[[package]]
name = "errno"
version = "0.3.14"
source = "registry+https://github.com/rust-lang/crates.io-index"
checksum = "39cab71617ae0d63f51a36d69f866391735b51691dbda63cf6f96d042b63efeb"
dependencies = [
 "libc",
 "windows-sys 0.61.2",
]

[[package]]
name = "gimli"
version = "0.32.3"
source = "registry+https://github.com/rust-lang/crates.io-index"
checksum = "e629b9b98ef3dd8afe6ca2bd0f89306cec16d43d907889945bc5d6687f2f13c7"

[[package]]
name = "lib"
version = "0.1.0"
dependencies = [
 "serde",
]

[[package]]
name = "libc"
version = "0.2.183"
source = "registry+https://github.com/rust-lang/crates.io-index"
checksum = "b5b646652bf6661599e1da8901b3b9522896f01e736bad5f723fe7a3a27f899d"

[[package]]
name = "lock_api"
version = "0.4.14"
source = "registry+https://github.com/rust-lang/crates.io-index"
checksum = "224399e74b87b5f3557511d98dff8b14089b3dadafcab6bb93eab67d3aace965"
dependencies = [
 "scopeguard",
]

[[package]]
name = "memchr"
version = "2.8.0"
source = "registry+https://github.com/rust-lang/crates.io-index"
checksum = "f8ca58f447f06ed17d5fc4043ce1b10dd205e060fb3ce5b979b8ed8e59ff3f79"

[[package]]
name = "miniz_oxide"
version = "0.8.9"
source = "registry+https://github.com/rust-lang/crates.io-index"
checksum = "1fa76a2c86f704bdb222d66965fb3d63269ce38518b83cb0575fca855ebb6316"
dependencies = [
 "adler2",
]

[[package]]
name = "mio"
version = "1.1.1"
source = "registry+https://github.com/rust-lang/crates.io-index"
checksum = "a69bcab0ad47271a0234d9422b131806bf3968021e5dc9328caf2d4cd58557fc"
dependencies = [
 "libc",
 "wasi",
 "windows-sys 0.61.2",
]

[[package]]
name = "object"
version = "0.37.3"
source = "registry+https://github.com/rust-lang/crates.io-index"
checksum = "ff76201f031d8863c38aa7f905eca4f53abbfa15f609db4277d44cd8938f33fe"
dependencies = [
 "memchr",
]

[[package]]
name = "parking_lot"
version = "0.12.5"
source = "registry+https://github.com/rust-lang/crates.io-index"
checksum = "93857453250e3077bd71ff98b6a65ea6621a19bb0f559a85248955ac12c45a1a"
dependencies = [
 "lock_api",
 "parking_lot_core",
]

[[package]]
name = "parking_lot_core"
version = "0.9.12"
source = "registry+https://github.com/rust-lang/crates.io-index"
checksum = "2621685985a2ebf1c516881c026032ac7deafcda1a2c9b7850dc81e3dfcb64c1"
dependencies = [
 "cfg-if",
 "libc",
 "redox_syscall",
 "smallvec",
 "windows-link",
]

[[package]]
name = "pin-project-lite"
version = "0.2.17"
source = "registry+https://github.com/rust-lang/crates.io-index"
checksum = "a89322df9ebe1c1578d689c92318e070967d1042b512afbe49518723f4e6d5cd"

[[package]]
name = "proc-macro2"
version = "1.0.106"
source = "registry+https://github.com/rust-lang/crates.io-index"
checksum = "8fd00f0bb2e90d81d1044c2b32617f68fcb9fa3bb7640c23e9c748e53fb30934"
dependencies = [
 "unicode-ident",
]

[[package]]
name = "quote"
version = "1.0.45"
source = "registry+https://github.com/rust-lang/crates.io-index"
checksum = "41f2619966050689382d2b44f664f4bc593e129785a36d6ee376ddf37259b924"
dependencies = [
 "proc-macro2",
]

[[package]]
name = "redox_syscall"
version = "0.5.18"
source = "registry+https://github.com/rust-lang/crates.io-index"
checksum = "ed2bf2547551a7053d6fdfafda3f938979645c44812fbfcda098faae3f1a362d"
dependencies = [
 "bitflags",
]

[[package]]
name = "rustc-demangle"
version = "0.1.27"
source = "registry+https://github.com/rust-lang/crates.io-index"
checksum = "b50b8869d9fc858ce7266cce0194bd74df58b9d0e3f6df3a9fc8eb470d95c09d"

[[package]]
name = "scopeguard"
version = "1.2.0"
source = "registry+https://github.com/rust-lang/crates.io-index"
checksum = "94143f37725109f92c262ed2cf5e59bce7498c01bcc1502d7b9afe439a4e9f49"

[[package]]
name = "serde"
version = "1.0.228"
source = "registry+https://github.com/rust-lang/crates.io-index"
checksum = "9a8e94ea7f378bd32cbbd37198a4a91436180c5bb472411e48b5ec2e2124ae9e"
dependencies = [
 "serde_core",
 "serde_derive",
]

[[package]]
name = "serde_core"
version = "1.0.228"
source = "registry+https://github.com/rust-lang/crates.io-index"
checksum = "41d385c7d4ca58e59fc732af25c3983b67ac852c1a25000afe1175de458b67ad"
dependencies = [
 "serde_derive",
]

[[package]]
name = "serde_derive"
version = "1.0.228"
source = "registry+https://github.com/rust-lang/crates.io-index"
checksum = "d540f220d3187173da220f885ab66608367b6574e925011a9353e4badda91d79"
dependencies = [
 "proc-macro2",
 "quote",
 "syn",
]

[[package]]
name = "signal-hook-registry"
version = "1.4.8"
source = "registry+https://github.com/rust-lang/crates.io-index"
checksum = "c4db69cba1110affc0e9f7bcd48bbf87b3f4fc7c61fc9155afd4c469eb3d6c1b"
dependencies = [
 "errno",
 "libc",
]

[[package]]
name = "smallvec"
version = "1.15.1"
source = "registry+https://github.com/rust-lang/crates.io-index"
checksum = "67b1b7a3b5fe4f1376887184045fcf45c69e92af734b7aaddc05fb777b6fbd03"

[[package]]
name = "socket2"
version = "0.5.10"
source = "registry+https://github.com/rust-lang/crates.io-index"
checksum = "e22376abed350d73dd1cd119b57ffccad95b4e585a7cda43e286245ce23c0678"
dependencies = [
 "libc",
 "windows-sys 0.52.0",
]

[[package]]
name = "syn"
version = "2.0.117"
source = "registry+https://github.com/rust-lang/crates.io-index"
checksum = "e665b8803e7b1d2a727f4023456bbbbe74da67099c585258af0ad9c5013b9b99"
dependencies = [
 "proc-macro2",
 "quote",
 "unicode-ident",
]

[[package]]
name = "tokio"
version = "1.42.0"
source = "registry+https://github.com/rust-lang/crates.io-index"
checksum = "5cec9b21b0450273377fc97bd4c33a8acffc8c996c987a7c5b319a0083707551"
dependencies = [
 "backtrace",
 "bytes",
 "libc",
 "mio",
 "parking_lot",
 "pin-project-lite",
 "signal-hook-registry",
 "socket2",
 "tokio-macros",
 "windows-sys 0.52.0",
]

[[package]]
name = "tokio-macros"
version = "2.4.0"
source = "registry+https://github.com/rust-lang/crates.io-index"
checksum = "693d596312e88961bc67d7f1f97af8a70227d9f90c31bba5806eec004978d752"
dependencies = [
 "proc-macro2",
 "quote",
 "syn",
]

[[package]]
name = "unicode-ident"
version = "1.0.24"
source = "registry+https://github.com/rust-lang/crates.io-index"
checksum = "e6e4313cd5fcd3dad5cafa179702e2b244f760991f45397d14d4ebf38247da75"

[[package]]
name = "wasi"
version = "0.11.1+wasi-snapshot-preview1"
source = "registry+https://github.com/rust-lang/crates.io-index"
checksum = "ccf3ec651a847eb01de73ccad15eb7d99f80485de043efb2f370cd654f4ea44b"

[[package]]
name = "windows-link"
version = "0.2.1"
source = "registry+https://github.com/rust-lang/crates.io-index"
checksum = "f0805222e57f7521d6a62e36fa9163bc891acd422f971defe97d64e70d0a4fe5"

[[package]]
name = "windows-sys"
version = "0.52.0"
source = "registry+https://github.com/rust-lang/crates.io-index"
checksum = "282be5f36a8ce781fad8c8ae18fa3f9beff57ec1b52cb3de0789201425d9a33d"
dependencies = [
 "windows-targets",
]

[[package]]
name = "windows-sys"
version = "0.61.2"
source = "registry+https://github.com/rust-lang/crates.io-index"
checksum = "ae137229bcbd6cdf0f7b80a31df61766145077ddf49416a728b02cb3921ff3fc"
dependencies = [
 "windows-link",
]

[[package]]
name = "windows-targets"
version = "0.52.6"
source = "registry+https://github.com/rust-lang/crates.io-index"
checksum = "9b724f72796e036ab90c1021d4780d4d3d648aca59e491e6b98e725b84e99973"
dependencies = [
 "windows_aarch64_gnullvm",
 "windows_aarch64_msvc",
 "windows_i686_gnu",
 "windows_i686_gnullvm",
 "windows_i686_msvc",
 "windows_x86_64_gnu",
 "windows_x86_64_gnullvm",
 "windows_x86_64_msvc",
]

[[package]]
name = "windows_aarch64_gnullvm"
version = "0.52.6"
source = "registry+https://github.com/rust-lang/crates.io-index"
checksum = "32a4622180e7a0ec044bb555404c800bc9fd9ec262ec147edd5989ccd0c02cd3"

[[package]]
name = "windows_aarch64_msvc"
version = "0.52.6"
source = "registry+https://github.com/rust-lang/crates.io-index"
checksum = "09ec2a7bb152e2252b53fa7803150007879548bc709c039df7627cabbd05d469"

[[package]]
name = "windows_i686_gnu"
version = "0.52.6"
source = "registry+https://github.com/rust-lang/crates.io-index"
checksum = "8e9b5ad5ab802e97eb8e295ac6720e509ee4c243f69d781394014ebfe8bbfa0b"

[[package]]
name = "windows_i686_gnullvm"
version = "0.52.6"
source = "registry+https://github.com/rust-lang/crates.io-index"
checksum = "0eee52d38c090b3caa76c563b86c3a4bd71ef1a819287c19d586d7334ae8ed66"

[[package]]
name = "windows_i686_msvc"
version = "0.52.6"
source = "registry+https://github.com/rust-lang/crates.io-index"
checksum = "240948bc05c5e7c6dabba28bf89d89ffce3e303022809e73deaefe4f6ec56c66"

[[package]]
name = "windows_x86_64_gnu"
version = "0.52.6"
source = "registry+https://github.com/rust-lang/crates.io-index"
checksum = "147a5c80aabfbf0c7d901cb5895d1de30ef2907eb21fbbab29ca94c5b08b1a78"

[[package]]
name = "windows_x86_64_gnullvm"
version = "0.52.6"
source = "registry+https://github.com/rust-lang/crates.io-index"
checksum = "24d5b23dc417412679681396f2b49f3de8c1473deb516bd34410872eff51ed0d"

[[package]]
name = "windows_x86_64_msvc"
version = "0.52.6"
source = "registry+https://github.com/rust-lang/crates.io-index"
checksum = "589f6da84c646204747d1270a2a5661ea66ed1cced2631d546fdfb155959f9ec"
